
Microsoft Visual Studio Solution File, Format Version 12.00
# Visual Studio Version 17
VisualStudioVersion = 17.11.35327.3
MinimumVisualStudioVersion = 10.0.40219.1
Project("{2150E333-8FDC-42A3-9474-1A3956D46DE8}") = "Solution Iterms", "Solution Iterms", "{77915635-8E82-409A-91A1-75796C99D053}"
	ProjectSection(SolutionItems) = preProject
		.gitignore = .gitignore
		license.txt = license.txt
		readme.md = readme.md
	EndProjectSection
EndProject
Project("{2150E333-8FDC-42A3-9474-1A3956D46DE8}") = "Src", "Src", "{83575C05-E240-402E-815A-2BD58757771C}"
EndProject
Project("{2150E333-8FDC-42A3-9474-1A3956D46DE8}") = "Tests", "Tests", "{1953EB01-2AF3-4CC2-9812-61A516641640}"
EndProject
Project("{FAE04EC0-301F-11D3-BF4B-00C04F79EFBC}") = "ApiCommandLineApp", "Src\ApiCommandLineApp\ApiCommandLineApp.csproj", "{E4AAFC3A-DB16-4F70-96CB-E1A87DFE2CD1}"
EndProject
Project("{2150E333-8FDC-42A3-9474-1A3956D46DE8}") = "DB_Scripts", "DB_Scripts", "{1D6C3F81-3588-492A-979A-D3FCCA8FA15E}"
	ProjectSection(SolutionItems) = preProject
		DBscripts\Create_function_calls.sql = DBscripts\Create_function_calls.sql
		DBscripts\Enable_CLR_and_link_CLR_assembly.sql = DBscripts\Enable_CLR_and_link_CLR_assembly.sql
		DBscripts\Sample_function_calls.sql = DBscripts\Sample_function_calls.sql
	EndProjectSection
EndProject
Project("{FAE04EC0-301F-11D3-BF4B-00C04F79EFBC}") = "SqlClrApiExecutor", "Src\SqlClrApiExecutor\SqlClrApiExecutor.csproj", "{E6F702FB-05ED-4B2B-8058-2DF844609F9B}"
EndProject
Project("{FAE04EC0-301F-11D3-BF4B-00C04F79EFBC}") = "SqlClrApiExecutor.Tests", "Tests\SqlClrApiExecutor.Tests\SqlClrApiExecutor.Tests.csproj", "{26C28E76-3F64-4BAD-9408-2744C5CA7B4F}"
EndProject
Global
	GlobalSection(SolutionConfigurationPlatforms) = preSolution
		Debug|Any CPU = Debug|Any CPU
		Release|Any CPU = Release|Any CPU
	EndGlobalSection
	GlobalSection(ProjectConfigurationPlatforms) = postSolution
		{E4AAFC3A-DB16-4F70-96CB-E1A87DFE2CD1}.Debug|Any CPU.ActiveCfg = Debug|Any CPU
		{E4AAFC3A-DB16-4F70-96CB-E1A87DFE2CD1}.Debug|Any CPU.Build.0 = Debug|Any CPU
		{E4AAFC3A-DB16-4F70-96CB-E1A87DFE2CD1}.Release|Any CPU.ActiveCfg = Release|Any CPU
		{E4AAFC3A-DB16-4F70-96CB-E1A87DFE2CD1}.Release|Any CPU.Build.0 = Release|Any CPU
		{E6F702FB-05ED-4B2B-8058-2DF844609F9B}.Debug|Any CPU.ActiveCfg = Debug|Any CPU
		{E6F702FB-05ED-4B2B-8058-2DF844609F9B}.Debug|Any CPU.Build.0 = Debug|Any CPU
		{E6F702FB-05ED-4B2B-8058-2DF844609F9B}.Release|Any CPU.ActiveCfg = Release|Any CPU
		{E6F702FB-05ED-4B2B-8058-2DF844609F9B}.Release|Any CPU.Build.0 = Release|Any CPU
		{26C28E76-3F64-4BAD-9408-2744C5CA7B4F}.Debug|Any CPU.ActiveCfg = Debug|Any CPU
		{26C28E76-3F64-4BAD-9408-2744C5CA7B4F}.Debug|Any CPU.Build.0 = Debug|Any CPU
		{26C28E76-3F64-4BAD-9408-2744C5CA7B4F}.Release|Any CPU.ActiveCfg = Release|Any CPU
		{26C28E76-3F64-4BAD-9408-2744C5CA7B4F}.Release|Any CPU.Build.0 = Release|Any CPU
	EndGlobalSection
	GlobalSection(SolutionProperties) = preSolution
		HideSolutionNode = FALSE
	EndGlobalSection
	GlobalSection(NestedProjects) = preSolution
		{E4AAFC3A-DB16-4F70-96CB-E1A87DFE2CD1} = {83575C05-E240-402E-815A-2BD58757771C}
		{E6F702FB-05ED-4B2B-8058-2DF844609F9B} = {83575C05-E240-402E-815A-2BD58757771C}
		{26C28E76-3F64-4BAD-9408-2744C5CA7B4F} = {1953EB01-2AF3-4CC2-9812-61A516641640}
	EndGlobalSection
	GlobalSection(ExtensibilityGlobals) = postSolution
		SolutionGuid = {BD4CE94F-7ED2-4950-9FF5-7696F87D990E}
	EndGlobalSection
EndGlobal
