
Microsoft Visual Studio Solution File, Format Version 12.00
# Visual Studio Version 17
VisualStudioVersion = 17.11.35327.3
MinimumVisualStudioVersion = 10.0.40219.1
Project("{2150E333-8FDC-42A3-9474-1A3956D46DE8}") = "Solution Iterms", "Solution Iterms", "{77915635-8E82-409A-91A1-75796C99D053}"
	ProjectSection(SolutionItems) = preProject
		.gitignore = .gitignore
		license.txt = license.txt
		README.md = README.md
	EndProjectSection
EndProject
Project("{2150E333-8FDC-42A3-9474-1A3956D46DE8}") = "Src", "Src", "{83575C05-E240-402E-815A-2BD58757771C}"
EndProject
Project("{2150E333-8FDC-42A3-9474-1A3956D46DE8}") = "Tests", "Tests", "{1953EB01-2AF3-4CC2-9812-61A516641640}"
EndProject
Project("{2150E333-8FDC-42A3-9474-1A3956D46DE8}") = "DB_Scripts", "DB_Scripts", "{1D6C3F81-3588-492A-979A-D3FCCA8FA15E}"
	ProjectSection(SolutionItems) = preProject
		DBscripts\Image_classification.sql = DBscripts\Image_classification.sql
		DBscripts\Produce_SQL_queries_from_prompts.sql = DBscripts\Produce_SQL_queries_from_prompts.sql
		DBscripts\Sample_function_calls.sql = DBscripts\Sample_function_calls.sql
		DBscripts\Sentiment_analysis.sql = DBscripts\Sentiment_analysis.sql
	EndProjectSection
EndProject
Project("{FAE04EC0-301F-11D3-BF4B-00C04F79EFBC}") = "JsonClrLibrary", "Src\JsonClrLibrary\JsonClrLibrary.csproj", "{09C49120-5019-4B68-A16D-E44EA8F2B521}"
EndProject
Project("{FAE04EC0-301F-11D3-BF4B-00C04F79EFBC}") = "JsonClrLibrary.Tests", "Tests\JsonClrLibrary.Tests\JsonClrLibrary.Tests.csproj", "{6AB7B6D7-83FE-4925-A93D-6F7E839EBEEE}"
EndProject
Project("{FAE04EC0-301F-11D3-BF4B-00C04F79EFBC}") = "OllamaSqlClr", "Src\OllamaSqlClr\OllamaSqlClr.csproj", "{E6F702FB-05ED-4B2B-8058-2DF844609F9B}"
EndProject
Project("{FAE04EC0-301F-11D3-BF4B-00C04F79EFBC}") = "OllamaSqlClr.Tests", "Tests\OllamaSqlClr.Tests\OllamaSqlClr.Tests.csproj", "{26C28E76-3F64-4BAD-9408-2744C5CA7B4F}"
EndProject
Project("{2150E333-8FDC-42A3-9474-1A3956D46DE8}") = "Documentation", "Documentation", "{7498E09B-F2AD-4C5E-AE93-6AABD5316894}"
	ProjectSection(SolutionItems) = preProject
		Docs\CONTRIBUTING.md = Docs\CONTRIBUTING.md
		Docs\INSTALLATION.md = Docs\INSTALLATION.md
		Docs\JSON-LIBRARY.md = Docs\JSON-LIBRARY.md
		Docs\ROADMAP.md = Docs\ROADMAP.md
		Docs\SCRIPTS.md = Docs\SCRIPTS.md
		Docs\TESTING.md = Docs\TESTING.md
		Docs\USAGE.md = Docs\USAGE.md
		Docs\WORKS-CONSULTED.md = Docs\WORKS-CONSULTED.md
	EndProjectSection
EndProject
Project("{2150E333-8FDC-42A3-9474-1A3956D46DE8}") = "Examples", "Examples", "{6FC9999C-2339-4816-9598-1E111E3E076A}"
	ProjectSection(SolutionItems) = preProject
		Docs\examples\example.txt = Docs\examples\example.txt
	EndProjectSection
EndProject
Project("{2150E333-8FDC-42A3-9474-1A3956D46DE8}") = "Diagrams", "Diagrams", "{880D8954-0C56-4F12-8E85-3519C6C9C906}"
	ProjectSection(SolutionItems) = preProject
		Docs\diagrams\diagram.txt = Docs\diagrams\diagram.txt
	EndProjectSection
EndProject
Project("{2150E333-8FDC-42A3-9474-1A3956D46DE8}") = "Images", "Images", "{0876E0EC-03D4-44C7-B0A5-56DDA8C50422}"
	ProjectSection(SolutionItems) = preProject
		Images\pexels-anntarazevich-5910755-motivation_resized.jpg = Images\pexels-anntarazevich-5910755-motivation_resized.jpg
		Images\pexels-anntarazevich-6230961-scrabble-words_resized.jpg = Images\pexels-anntarazevich-6230961-scrabble-words_resized.jpg
		Images\pexels-brunoscramgnon-596134-moon_resized.jpg = Images\pexels-brunoscramgnon-596134-moon_resized.jpg
		Images\pexels-pixabay-33287-dogs_resized.jpg = Images\pexels-pixabay-33287-dogs_resized.jpg
		Images\pexels-pixabay-45201-cat_resized.jpg = Images\pexels-pixabay-45201-cat_resized.jpg
		Images\pexels-pixabay-459236-horse_resized.jpg = Images\pexels-pixabay-459236-horse_resized.jpg
		Images\pexels-pixabay-66898-elephants_resized.jpg = Images\pexels-pixabay-66898-elephants_resized.jpg
		Images\pexels-simon73-698275-tree_resized.jpg = Images\pexels-simon73-698275-tree_resized.jpg
		Images\pexels-tdcat-59523-puppy_resized.jpg = Images\pexels-tdcat-59523-puppy_resized.jpg
	EndProjectSection
EndProject
Project("{FAE04EC0-301F-11D3-BF4B-00C04F79EFBC}") = "DeploymentManager", "Src\DeploymentManager\DeploymentManager.csproj", "{89937183-7B5D-4E2B-BE97-2512B0249D3B}"
EndProject
Global
	GlobalSection(SolutionConfigurationPlatforms) = preSolution
		Debug|Any CPU = Debug|Any CPU
		Release|Any CPU = Release|Any CPU
	EndGlobalSection
	GlobalSection(ProjectConfigurationPlatforms) = postSolution
		{09C49120-5019-4B68-A16D-E44EA8F2B521}.Debug|Any CPU.ActiveCfg = Debug|Any CPU
		{09C49120-5019-4B68-A16D-E44EA8F2B521}.Debug|Any CPU.Build.0 = Debug|Any CPU
		{09C49120-5019-4B68-A16D-E44EA8F2B521}.Release|Any CPU.ActiveCfg = Release|Any CPU
		{09C49120-5019-4B68-A16D-E44EA8F2B521}.Release|Any CPU.Build.0 = Release|Any CPU
		{6AB7B6D7-83FE-4925-A93D-6F7E839EBEEE}.Debug|Any CPU.ActiveCfg = Debug|Any CPU
		{6AB7B6D7-83FE-4925-A93D-6F7E839EBEEE}.Debug|Any CPU.Build.0 = Debug|Any CPU
		{6AB7B6D7-83FE-4925-A93D-6F7E839EBEEE}.Release|Any CPU.ActiveCfg = Release|Any CPU
		{6AB7B6D7-83FE-4925-A93D-6F7E839EBEEE}.Release|Any CPU.Build.0 = Release|Any CPU
		{E6F702FB-05ED-4B2B-8058-2DF844609F9B}.Debug|Any CPU.ActiveCfg = Debug|Any CPU
		{E6F702FB-05ED-4B2B-8058-2DF844609F9B}.Debug|Any CPU.Build.0 = Debug|Any CPU
		{E6F702FB-05ED-4B2B-8058-2DF844609F9B}.Release|Any CPU.ActiveCfg = Release|Any CPU
		{E6F702FB-05ED-4B2B-8058-2DF844609F9B}.Release|Any CPU.Build.0 = Release|Any CPU
		{26C28E76-3F64-4BAD-9408-2744C5CA7B4F}.Debug|Any CPU.ActiveCfg = Debug|Any CPU
		{26C28E76-3F64-4BAD-9408-2744C5CA7B4F}.Debug|Any CPU.Build.0 = Debug|Any CPU
		{26C28E76-3F64-4BAD-9408-2744C5CA7B4F}.Release|Any CPU.ActiveCfg = Release|Any CPU
		{26C28E76-3F64-4BAD-9408-2744C5CA7B4F}.Release|Any CPU.Build.0 = Release|Any CPU
		{89937183-7B5D-4E2B-BE97-2512B0249D3B}.Debug|Any CPU.ActiveCfg = Debug|Any CPU
		{89937183-7B5D-4E2B-BE97-2512B0249D3B}.Debug|Any CPU.Build.0 = Debug|Any CPU
		{89937183-7B5D-4E2B-BE97-2512B0249D3B}.Release|Any CPU.ActiveCfg = Release|Any CPU
		{89937183-7B5D-4E2B-BE97-2512B0249D3B}.Release|Any CPU.Build.0 = Release|Any CPU
	EndGlobalSection
	GlobalSection(SolutionProperties) = preSolution
		HideSolutionNode = FALSE
	EndGlobalSection
	GlobalSection(NestedProjects) = preSolution
		{09C49120-5019-4B68-A16D-E44EA8F2B521} = {83575C05-E240-402E-815A-2BD58757771C}
		{6AB7B6D7-83FE-4925-A93D-6F7E839EBEEE} = {1953EB01-2AF3-4CC2-9812-61A516641640}
		{E6F702FB-05ED-4B2B-8058-2DF844609F9B} = {83575C05-E240-402E-815A-2BD58757771C}
		{26C28E76-3F64-4BAD-9408-2744C5CA7B4F} = {1953EB01-2AF3-4CC2-9812-61A516641640}
		{6FC9999C-2339-4816-9598-1E111E3E076A} = {7498E09B-F2AD-4C5E-AE93-6AABD5316894}
		{880D8954-0C56-4F12-8E85-3519C6C9C906} = {7498E09B-F2AD-4C5E-AE93-6AABD5316894}
		{89937183-7B5D-4E2B-BE97-2512B0249D3B} = {83575C05-E240-402E-815A-2BD58757771C}
	EndGlobalSection
	GlobalSection(ExtensibilityGlobals) = postSolution
		SolutionGuid = {BD4CE94F-7ED2-4950-9FF5-7696F87D990E}
	EndGlobalSection
EndGlobal
